Microsoft Visual Studio Solution File, Format Version 12.00
# Visual Studio Version 17
VisualStudioVersion = 17.0.31912.275
MinimumVisualStudioVersion = 10.0.40219.1
Project("{FAE04EC0-301F-11D3-BF4B-00C04F79EFBC}") = "PaperTrail.App", "PaperTrail.App\PaperTrail.App.csproj", "{8F94C845-5FBB-4F1C-8C90-776809674D69}"
EndProject
Project("{FAE04EC0-301F-11D3-BF4B-00C04F79EFBC}") = "PaperTrail.Core", "PaperTrail.Core\PaperTrail.Core.csproj", "{5C7961F4-9062-4593-A7C2-EB98329F8E25}"
EndProject
Global
	GlobalSection(SolutionConfigurationPlatforms) = preSolution
		Debug|Any CPU = Debug|Any CPU
		Release|Any CPU = Release|Any CPU
	EndGlobalSection
	GlobalSection(ProjectConfigurationPlatforms) = postSolution
		{8F94C845-5FBB-4F1C-8C90-776809674D69}.Debug|Any CPU.ActiveCfg = Debug|Any CPU
		{8F94C845-5FBB-4F1C-8C90-776809674D69}.Debug|Any CPU.Build.0 = Debug|Any CPU
		{8F94C845-5FBB-4F1C-8C90-776809674D69}.Release|Any CPU.ActiveCfg = Release|Any CPU
		{8F94C845-5FBB-4F1C-8C90-776809674D69}.Release|Any CPU.Build.0 = Release|Any CPU
		{5C7961F4-9062-4593-A7C2-EB98329F8E25}.Debug|Any CPU.ActiveCfg = Debug|Any CPU
		{5C7961F4-9062-4593-A7C2-EB98329F8E25}.Debug|Any CPU.Build.0 = Debug|Any CPU
		{5C7961F4-9062-4593-A7C2-EB98329F8E25}.Release|Any CPU.ActiveCfg = Release|Any CPU
		{5C7961F4-9062-4593-A7C2-EB98329F8E25}.Release|Any CPU.Build.0 = Release|Any CPU
	EndGlobalSection
	GlobalSection(SolutionProperties) = preSolution
		HideSolutionNode = FALSE
	EndGlobalSection
EndGlobal
